
Microsoft Visual Studio Solution File, Format Version 12.00
# Visual Studio 2012
Project("{D954291E-2A0B-460D-934E-DC6B0785DB48}") = "xMessage", "xMessage\xMessage.shproj", "{5D1D4D18-2513-4C1A-829F-24E7794DD6D4}"
EndProject
Project("{FAE04EC0-301F-11D3-BF4B-00C04F79EFBC}") = "xMessage.iOS", "iOS\xMessage.iOS.csproj", "{930E17CC-F1A9-464C-9B3D-D3138BB4A12B}"
EndProject
Project("{FAE04EC0-301F-11D3-BF4B-00C04F79EFBC}") = "xMessage.Droid", "Droid\xMessage.Droid.csproj", "{C124D4DC-76C8-48F2-B4CF-C91BAA269828}"
EndProject
Global
	GlobalSection(SolutionConfigurationPlatforms) = preSolution
		Debug|iPhoneSimulator = Debug|iPhoneSimulator
		Release|iPhone = Release|iPhone
		Release|iPhoneSimulator = Release|iPhoneSimulator
		Debug|iPhone = Debug|iPhone
		Debug|Any CPU = Debug|Any CPU
		Release|Any CPU = Release|Any CPU
	EndGlobalSection
	GlobalSection(ProjectConfigurationPlatforms) = postSolution
		{930E17CC-F1A9-464C-9B3D-D3138BB4A12B}.Debug|iPhoneSimulator.ActiveCfg = Debug|iPhoneSimulator
		{930E17CC-F1A9-464C-9B3D-D3138BB4A12B}.Debug|iPhoneSimulator.Build.0 = Debug|iPhoneSimulator
		{930E17CC-F1A9-464C-9B3D-D3138BB4A12B}.Release|iPhone.ActiveCfg = Release|iPhone
		{930E17CC-F1A9-464C-9B3D-D3138BB4A12B}.Release|iPhone.Build.0 = Release|iPhone
		{930E17CC-F1A9-464C-9B3D-D3138BB4A12B}.Release|iPhoneSimulator.ActiveCfg = Release|iPhoneSimulator
		{930E17CC-F1A9-464C-9B3D-D3138BB4A12B}.Release|iPhoneSimulator.Build.0 = Release|iPhoneSimulator
		{930E17CC-F1A9-464C-9B3D-D3138BB4A12B}.Debug|iPhone.ActiveCfg = Debug|iPhone
		{930E17CC-F1A9-464C-9B3D-D3138BB4A12B}.Debug|iPhone.Build.0 = Debug|iPhone
		{930E17CC-F1A9-464C-9B3D-D3138BB4A12B}.Debug|Any CPU.ActiveCfg = Debug|iPhoneSimulator
		{930E17CC-F1A9-464C-9B3D-D3138BB4A12B}.Debug|Any CPU.Build.0 = Debug|iPhoneSimulator
		{930E17CC-F1A9-464C-9B3D-D3138BB4A12B}.Release|Any CPU.ActiveCfg = Release|iPhone
		{930E17CC-F1A9-464C-9B3D-D3138BB4A12B}.Release|Any CPU.Build.0 = Release|iPhone
		{C124D4DC-76C8-48F2-B4CF-C91BAA269828}.Debug|iPhoneSimulator.ActiveCfg = Debug|Any CPU
		{C124D4DC-76C8-48F2-B4CF-C91BAA269828}.Debug|iPhoneSimulator.Build.0 = Debug|Any CPU
		{C124D4DC-76C8-48F2-B4CF-C91BAA269828}.Release|iPhone.ActiveCfg = Release|Any CPU
		{C124D4DC-76C8-48F2-B4CF-C91BAA269828}.Release|iPhone.Build.0 = Release|Any CPU
		{C124D4DC-76C8-48F2-B4CF-C91BAA269828}.Release|iPhoneSimulator.ActiveCfg = Release|Any CPU
		{C124D4DC-76C8-48F2-B4CF-C91BAA269828}.Release|iPhoneSimulator.Build.0 = Release|Any CPU
		{C124D4DC-76C8-48F2-B4CF-C91BAA269828}.Debug|iPhone.ActiveCfg = Debug|Any CPU
		{C124D4DC-76C8-48F2-B4CF-C91BAA269828}.Debug|iPhone.Build.0 = Debug|Any CPU
		{C124D4DC-76C8-48F2-B4CF-C91BAA269828}.Debug|Any CPU.ActiveCfg = Debug|Any CPU
		{C124D4DC-76C8-48F2-B4CF-C91BAA269828}.Debug|Any CPU.Build.0 = Debug|Any CPU
		{C124D4DC-76C8-48F2-B4CF-C91BAA269828}.Release|Any CPU.ActiveCfg = Release|Any CPU
		{C124D4DC-76C8-48F2-B4CF-C91BAA269828}.Release|Any CPU.Build.0 = Release|Any CPU
	EndGlobalSection
EndGlobal
